
Microsoft Visual Studio Solution File, Format Version 12.00
# Visual Studio 2012
Project("{FAE04EC0-301F-11D3-BF4B-00C04F79EFBC}") = "XFormsDrawer", "XFormsDrawer.csproj", "{7AFE6EB4-7035-4197-9C5D-FDAD5DF1872E}"
EndProject
Project("{FAE04EC0-301F-11D3-BF4B-00C04F79EFBC}") = "XFormsDrawer.iOS", "iOS\XFormsDrawer.iOS.csproj", "{24188E34-BC0D-4ECA-944C-4246FB905CD5}"
EndProject
Project("{FAE04EC0-301F-11D3-BF4B-00C04F79EFBC}") = "XFormsDrawer.Droid", "Droid\XFormsDrawer.Droid.csproj", "{E7616032-D6C8-4084-96C5-55B256B82AFB}"
EndProject
Global
	GlobalSection(SolutionConfigurationPlatforms) = preSolution
		Debug|Any CPU = Debug|Any CPU
		Release|Any CPU = Release|Any CPU
		Debug|iPhoneSimulator = Debug|iPhoneSimulator
		Release|iPhoneSimulator = Release|iPhoneSimulator
		Debug|iPhone = Debug|iPhone
		Release|iPhone = Release|iPhone
		Ad-Hoc|iPhone = Ad-Hoc|iPhone
		AppStore|iPhone = AppStore|iPhone
	EndGlobalSection
	GlobalSection(ProjectConfigurationPlatforms) = postSolution
		{24188E34-BC0D-4ECA-944C-4246FB905CD5}.Ad-Hoc|iPhone.ActiveCfg = Ad-Hoc|iPhone
		{24188E34-BC0D-4ECA-944C-4246FB905CD5}.Ad-Hoc|iPhone.Build.0 = Ad-Hoc|iPhone
		{24188E34-BC0D-4ECA-944C-4246FB905CD5}.AppStore|iPhone.ActiveCfg = AppStore|iPhone
		{24188E34-BC0D-4ECA-944C-4246FB905CD5}.AppStore|iPhone.Build.0 = AppStore|iPhone
		{24188E34-BC0D-4ECA-944C-4246FB905CD5}.Debug|Any CPU.ActiveCfg = Debug|iPhoneSimulator
		{24188E34-BC0D-4ECA-944C-4246FB905CD5}.Debug|Any CPU.Build.0 = Debug|iPhoneSimulator
		{24188E34-BC0D-4ECA-944C-4246FB905CD5}.Debug|iPhone.ActiveCfg = Debug|iPhone
		{24188E34-BC0D-4ECA-944C-4246FB905CD5}.Debug|iPhone.Build.0 = Debug|iPhone
		{24188E34-BC0D-4ECA-944C-4246FB905CD5}.Debug|iPhoneSimulator.ActiveCfg = Debug|iPhoneSimulator
		{24188E34-BC0D-4ECA-944C-4246FB905CD5}.Debug|iPhoneSimulator.Build.0 = Debug|iPhoneSimulator
		{24188E34-BC0D-4ECA-944C-4246FB905CD5}.Release|Any CPU.ActiveCfg = Release|iPhoneSimulator
		{24188E34-BC0D-4ECA-944C-4246FB905CD5}.Release|Any CPU.Build.0 = Release|iPhoneSimulator
		{24188E34-BC0D-4ECA-944C-4246FB905CD5}.Release|iPhone.ActiveCfg = Release|iPhone
		{24188E34-BC0D-4ECA-944C-4246FB905CD5}.Release|iPhone.Build.0 = Release|iPhone
		{24188E34-BC0D-4ECA-944C-4246FB905CD5}.Release|iPhoneSimulator.ActiveCfg = Release|iPhoneSimulator
		{24188E34-BC0D-4ECA-944C-4246FB905CD5}.Release|iPhoneSimulator.Build.0 = Release|iPhoneSimulator
		{7AFE6EB4-7035-4197-9C5D-FDAD5DF1872E}.Ad-Hoc|iPhone.ActiveCfg = Debug|Any CPU
		{7AFE6EB4-7035-4197-9C5D-FDAD5DF1872E}.Ad-Hoc|iPhone.Build.0 = Debug|Any CPU
		{7AFE6EB4-7035-4197-9C5D-FDAD5DF1872E}.AppStore|iPhone.ActiveCfg = Debug|Any CPU
		{7AFE6EB4-7035-4197-9C5D-FDAD5DF1872E}.AppStore|iPhone.Build.0 = Debug|Any CPU
		{7AFE6EB4-7035-4197-9C5D-FDAD5DF1872E}.Debug|Any CPU.ActiveCfg = Debug|Any CPU
		{7AFE6EB4-7035-4197-9C5D-FDAD5DF1872E}.Debug|Any CPU.Build.0 = Debug|Any CPU
		{7AFE6EB4-7035-4197-9C5D-FDAD5DF1872E}.Debug|iPhone.ActiveCfg = Debug|Any CPU
		{7AFE6EB4-7035-4197-9C5D-FDAD5DF1872E}.Debug|iPhone.Build.0 = Debug|Any CPU
		{7AFE6EB4-7035-4197-9C5D-FDAD5DF1872E}.Debug|iPhoneSimulator.ActiveCfg = Debug|Any CPU
		{7AFE6EB4-7035-4197-9C5D-FDAD5DF1872E}.Debug|iPhoneSimulator.Build.0 = Debug|Any CPU
		{7AFE6EB4-7035-4197-9C5D-FDAD5DF1872E}.Release|Any CPU.ActiveCfg = Release|Any CPU
		{7AFE6EB4-7035-4197-9C5D-FDAD5DF1872E}.Release|Any CPU.Build.0 = Release|Any CPU
		{7AFE6EB4-7035-4197-9C5D-FDAD5DF1872E}.Release|iPhone.ActiveCfg = Release|Any CPU
		{7AFE6EB4-7035-4197-9C5D-FDAD5DF1872E}.Release|iPhone.Build.0 = Release|Any CPU
		{7AFE6EB4-7035-4197-9C5D-FDAD5DF1872E}.Release|iPhoneSimulator.ActiveCfg = Release|Any CPU
		{7AFE6EB4-7035-4197-9C5D-FDAD5DF1872E}.Release|iPhoneSimulator.Build.0 = Release|Any CPU
		{E7616032-D6C8-4084-96C5-55B256B82AFB}.Ad-Hoc|iPhone.ActiveCfg = Release|Any CPU
		{E7616032-D6C8-4084-96C5-55B256B82AFB}.Ad-Hoc|iPhone.Build.0 = Release|Any CPU
		{E7616032-D6C8-4084-96C5-55B256B82AFB}.AppStore|iPhone.ActiveCfg = Release|Any CPU
		{E7616032-D6C8-4084-96C5-55B256B82AFB}.AppStore|iPhone.Build.0 = Release|Any CPU
		{E7616032-D6C8-4084-96C5-55B256B82AFB}.Debug|Any CPU.ActiveCfg = Debug|Any CPU
		{E7616032-D6C8-4084-96C5-55B256B82AFB}.Debug|Any CPU.Build.0 = Debug|Any CPU
		{E7616032-D6C8-4084-96C5-55B256B82AFB}.Debug|iPhone.ActiveCfg = Debug|Any CPU
		{E7616032-D6C8-4084-96C5-55B256B82AFB}.Debug|iPhone.Build.0 = Debug|Any CPU
		{E7616032-D6C8-4084-96C5-55B256B82AFB}.Debug|iPhoneSimulator.ActiveCfg = Debug|Any CPU
		{E7616032-D6C8-4084-96C5-55B256B82AFB}.Debug|iPhoneSimulator.Build.0 = Debug|Any CPU
		{E7616032-D6C8-4084-96C5-55B256B82AFB}.Release|Any CPU.ActiveCfg = Release|Any CPU
		{E7616032-D6C8-4084-96C5-55B256B82AFB}.Release|Any CPU.Build.0 = Release|Any CPU
		{E7616032-D6C8-4084-96C5-55B256B82AFB}.Release|iPhone.ActiveCfg = Release|Any CPU
		{E7616032-D6C8-4084-96C5-55B256B82AFB}.Release|iPhone.Build.0 = Release|Any CPU
		{E7616032-D6C8-4084-96C5-55B256B82AFB}.Release|iPhoneSimulator.ActiveCfg = Release|Any CPU
		{E7616032-D6C8-4084-96C5-55B256B82AFB}.Release|iPhoneSimulator.Build.0 = Release|Any CPU
	EndGlobalSection
EndGlobal
